{
  "name": "server",
  "lockfileVersion": 3,
  "requires": true,
  "packages": {
    "": {
      "dependencies": {
        "haversine-distance": "^1.2.4"
      }
    },
    "node_modules/haversine-distance": {
      "version": "1.2.4",
      "resolved": "https://registry.npmjs.org/haversine-distance/-/haversine-distance-1.2.4.tgz",
      "integrity": "sha512-8MHQBQXR7GXZJIvitCf/ux+gwLtWOxmXNNz5dReG+jJbuvaEoj6QIXlaIO3cPr433BFWM4jececJaLYpwxnZhg==",
      "license": "MIT"
    }
  }
}
