{
    "_meta": {
        "hash": {
            "sha256": "fd2287b733e76f1dd00e86f66719b1de72168932fb4918b2d855351ec2baf197"
        },
        "pipfile-spec": 6,
        "requires": {
            "python_version": "3.13"
        },
        "sources": [
            {
                "name": "pypi",
                "url": "https://pypi.org/simple",
                "verify_ssl": true
            }
        ]
    },
    "default": {
        "geographiclib": {
            "hashes": [
                "sha256:6a6545e6262d0ed3522e13c515713718797e37ed8c672c31ad7b249f372ef108",
                "sha256:e2a873b9b9e7fc38721ad73d5f4e6c9ed140d428a339970f505c07056997d40b"
            ],
            "markers": "python_version >= '3.7'",
            "version": "==2.1"
        },
        "geopy": {
            "hashes": [
                "sha256:7b6c849f18108dcce4faa3d614e2801107b465f7b05fd3c1db9db12e225ae950",
                "sha256:8ad8cc226b505ca4d272ae9a2eeba08b8a2c565fc9a04eaefc33ad49c32b51aa"
            ],
            "index": "pypi",
            "markers": "python_version >= '3.8'",
            "version": "==2.5.0"
        },
        "redis": {
            "hashes": [
                "sha256:6e1a19beef9225c83efd689c7e6b7da2d5215b1f42cd13b7fc3714d0a09c7b25",
                "sha256:a4fe1aac3d3b3cc791d4b3d5931c5a956045dc951ee74d1c913ee3ac4d2ee9fb"
            ],
            "index": "pypi",
            "markers": "python_version >= '3.10'",
            "version": "==8.1.0"
        }
    },
    "develop": {}
}
