{
    "_meta": {
        "hash": {
            "sha256": "ff668921bfd181864d5874a29b2dd800cbc22080ff23e9bb14fea2f8eba05b18"
        },
        "pipfile-spec": 6,
        "requires": {
            "python_version": "3.13"
        },
        "sources": [
            {
                "name": "pypi",
                "url": "https://pypi.org/simple",
                "verify_ssl": true
            }
        ]
    },
    "default": {
        "redis": {
            "hashes": [
                "sha256:6e1a19beef9225c83efd689c7e6b7da2d5215b1f42cd13b7fc3714d0a09c7b25",
                "sha256:a4fe1aac3d3b3cc791d4b3d5931c5a956045dc951ee74d1c913ee3ac4d2ee9fb"
            ],
            "index": "pypi",
            "markers": "python_version >= '3.10'",
            "version": "==8.1.0"
        }
    },
    "develop": {}
}
